// !$*UTF8*$!
{
	archiveVersion = 1;
	classes = {
	};
	objectVersion = 55;
	objects = {

/* Begin PBXFileReference section */
		57D74E8E27EB76B900F2AA49 /* .DS_Store */ = {isa = PBXFileReference; lastKnownFileType = file; path = .DS_Store; sourceTree = "<group>"; };
		57D74E8F27EB76B900F2AA49 /* Makefile */ = {isa = PBXFileReference; lastKnownFileType = sourcecode.make; path = Makefile; sourceTree = "<group>"; };
		57D74E9027EB76B900F2AA49 /* output */ = {isa = PBXFileReference; lastKnownFileType = folder; path = output; sourceTree = "<group>"; };
		57D74E9127EB76B900F2AA49 /* .gitignore */ = {isa = PBXFileReference; lastKnownFileType = text; path = .gitignore; sourceTree = "<group>"; };
		57D74E9227EB76B900F2AA49 /* .vscode */ = {isa = PBXFileReference; lastKnownFileType = folder; path = .vscode; sourceTree = "<group>"; };
		57D74E9327EB76B900F2AA49 /* src */ = {isa = PBXFileReference; lastKnownFileType = folder; path = src; sourceTree = "<group>"; };
/* End PBXFileReference section */

/* Begin PBXGroup section */
		57D74E8827EB76B900F2AA49 = {
			isa = PBXGroup;
			children = (
				57D74E8E27EB76B900F2AA49 /* .DS_Store */,
				57D74E8F27EB76B900F2AA49 /* Makefile */,
				57D74E9027EB76B900F2AA49 /* output */,
				57D74E9127EB76B900F2AA49 /* .gitignore */,
				57D74E9227EB76B900F2AA49 /* .vscode */,
				57D74E9327EB76B900F2AA49 /* src */,
			);
			sourceTree = "<group>";
		};
/* End PBXGroup section */

/* Begin PBXLegacyTarget section */
		57D74E8D27EB76B900F2AA49 /* mpp-cpu */ = {
			isa = PBXLegacyTarget;
			buildArgumentsString = "$(ACTION)";
			buildConfigurationList = 57D74E9427EB76B900F2AA49 /* Build configuration list for PBXLegacyTarget "mpp-cpu" */;
			buildPhases = (
			);
			buildToolPath = /usr/bin/make;
			buildWorkingDirectory = "/Users/nullx/Documents/mpp/mpp-cpu";
			dependencies = (
			);
			name = "mpp-cpu";
			passBuildSettingsInEnvironment = 1;
			productName = "mpp-cpu";
		};
/* End PBXLegacyTarget section */

/* Begin PBXProject section */
		57D74E8927EB76B900F2AA49 /* Project object */ = {
			isa = PBXProject;
			attributes = {
				BuildIndependentTargetsInParallel = 1;
			};
			buildConfigurationList = 57D74E8C27EB76B900F2AA49 /* Build configuration list for PBXProject "mpp-cpu" */;
			compatibilityVersion = "Xcode 13.0";
			developmentRegion = en;
			hasScannedForEncodings = 0;
			knownRegions = (
				en,
				Base,
			);
			mainGroup = 57D74E8827EB76B900F2AA49;
			projectDirPath = "";
			projectRoot = "";
			targets = (
				57D74E8D27EB76B900F2AA49 /* mpp-cpu */,
			);
		};
/* End PBXProject section */

/* Begin XCBuildConfiguration section */
		57D74E8A27EB76B900F2AA49 /* Debug */ = {
			isa = XCBuildConfiguration;
			buildSettings = {
				ARCHS = "$(ARCHS_STANDARD_32_BIT)";
				COPY_PHASE_STRIP = NO;
				GCC_WARN_ABOUT_RETURN_TYPE = YES;
				GCC_WARN_UNUSED_VARIABLE = YES;
				ONLY_ACTIVE_ARCH = YES;
				SDKROOT = macosx10.6;
			};
			name = Debug;
		};
		57D74E8B27EB76B900F2AA49 /* Release */ = {
			isa = XCBuildConfiguration;
			buildSettings = {
				ARCHS = "$(ARCHS_STANDARD_32_BIT)";
				COPY_PHASE_STRIP = YES;
				GCC_WARN_ABOUT_RETURN_TYPE = YES;
				GCC_WARN_UNUSED_VARIABLE = YES;
				SDKROOT = macosx10.6;
			};
			name = Release;
		};
		57D74E9527EB76B900F2AA49 /* Debug */ = {
			isa = XCBuildConfiguration;
			buildSettings = {
				COPY_PHASE_STRIP = NO;
				DEBUGGING_SYMBOLS = YES;
				GCC_DYNAMIC_NO_PIC = NO;
				GCC_ENABLE_FIX_AND_CONTINUE = YES;
				GCC_GENERATE_DEBUGGING_SYMBOLS = YES;
				GCC_OPTIMIZATION_LEVEL = 0;
				OTHER_CFLAGS = "";
				OTHER_LDFLAGS = "";
				PRODUCT_NAME = "mpp-cpu";
			};
			name = Debug;
		};
		57D74E9627EB76B900F2AA49 /* Release */ = {
			isa = XCBuildConfiguration;
			buildSettings = {
				COPY_PHASE_STRIP = YES;
				DEBUG_INFORMATION_FORMAT = "dwarf-with-dsym";
				GCC_ENABLE_FIX_AND_CONTINUE = NO;
				OTHER_CFLAGS = "";
				OTHER_LDFLAGS = "";
				PRODUCT_NAME = "mpp-cpu";
			};
			name = Release;
		};
/* End XCBuildConfiguration section */

/* Begin XCConfigurationList section */
		57D74E8C27EB76B900F2AA49 /* Build configuration list for PBXProject "mpp-cpu" */ = {
			isa = XCConfigurationList;
			buildConfigurations = (
				57D74E8A27EB76B900F2AA49 /* Debug */,
				57D74E8B27EB76B900F2AA49 /* Release */,
			);
			defaultConfigurationIsVisible = 0;
			defaultConfigurationName = Release;
		};
		57D74E9427EB76B900F2AA49 /* Build configuration list for PBXLegacyTarget "mpp-cpu" */ = {
			isa = XCConfigurationList;
			buildConfigurations = (
				57D74E9527EB76B900F2AA49 /* Debug */,
				57D74E9627EB76B900F2AA49 /* Release */,
			);
			defaultConfigurationIsVisible = 0;
			defaultConfigurationName = Release;
		};
/* End XCConfigurationList section */
	};
	rootObject = 57D74E8927EB76B900F2AA49 /* Project object */;
}
