// !$*UTF8*$!
{
	archiveVersion = 1;
	classes = {
	};
	objectVersion = 55;
	objects = {

/* Begin PBXBuildFile section */
		572DD47027E9AB9C00974272 /* pubsub.c in Sources */ = {isa = PBXBuildFile; fileRef = 572DD46F27E9AB9B00974272 /* pubsub.c */; };
		572DD47227E9B29700974272 /* pubsubtest.c in Sources */ = {isa = PBXBuildFile; fileRef = 572DD47127E9B29700974272 /* pubsubtest.c */; };
		572DD48427EA746D00974272 /* logger.c in Sources */ = {isa = PBXBuildFile; fileRef = 572DD48227EA746D00974272 /* logger.c */; };
		57DA08D527E6618A00DA2BB1 /* main.c in Sources */ = {isa = PBXBuildFile; fileRef = 57DA08D427E6618A00DA2BB1 /* main.c */; };
		57DA08DE27E6622C00DA2BB1 /* lexer.c in Sources */ = {isa = PBXBuildFile; fileRef = 57DA08DD27E6622C00DA2BB1 /* lexer.c */; };
		57DA08E127E6671700DA2BB1 /* file.c in Sources */ = {isa = PBXBuildFile; fileRef = 57DA08E027E6671700DA2BB1 /* file.c */; };
		57DA08E427E6687600DA2BB1 /* error.c in Sources */ = {isa = PBXBuildFile; fileRef = 57DA08E327E6687600DA2BB1 /* error.c */; };
		57DA08E927E67C9D00DA2BB1 /* arithmetic.c in Sources */ = {isa = PBXBuildFile; fileRef = 57DA08E827E67C9D00DA2BB1 /* arithmetic.c */; };
		57DA08EC27E728E600DA2BB1 /* logger.c in Sources */ = {isa = PBXBuildFile; fileRef = 57DA08EB27E728E600DA2BB1 /* logger.c */; };
		57DA08EF27E72B4800DA2BB1 /* motd.c in Sources */ = {isa = PBXBuildFile; fileRef = 57DA08EE27E72B4800DA2BB1 /* motd.c */; };
		57DA08F327E7948600DA2BB1 /* parser.c in Sources */ = {isa = PBXBuildFile; fileRef = 57DA08F227E7948600DA2BB1 /* parser.c */; };
		57DA08F627E79F6D00DA2BB1 /* arithmetic.c in Sources */ = {isa = PBXBuildFile; fileRef = 57DA08F527E79F6D00DA2BB1 /* arithmetic.c */; };
		57FFCAE527E8858900B86438 /* main.c in Sources */ = {isa = PBXBuildFile; fileRef = 57FFCAE427E8858900B86438 /* main.c */; };
		57FFCAED27E8861700B86438 /* mem.c in Sources */ = {isa = PBXBuildFile; fileRef = 57FFCAEC27E8861700B86438 /* mem.c */; };
		57FFCAF127E886AE00B86438 /* components.c in Sources */ = {isa = PBXBuildFile; fileRef = 57FFCAF027E886AE00B86438 /* components.c */; };
		57FFCAF427E88E7900B86438 /* utils.c in Sources */ = {isa = PBXBuildFile; fileRef = 57FFCAF327E88E7900B86438 /* utils.c */; };
		57FFCAF727E89F0D00B86438 /* error.c in Sources */ = {isa = PBXBuildFile; fileRef = 57FFCAF527E89F0D00B86438 /* error.c */; };
/* End PBXBuildFile section */

/* Begin PBXCopyFilesBuildPhase section */
		57DA08CF27E6618A00DA2BB1 /* CopyFiles */ = {
			isa = PBXCopyFilesBuildPhase;
			buildActionMask = 2147483647;
			dstPath = /usr/share/man/man1/;
			dstSubfolderSpec = 0;
			files = (
			);
			runOnlyForDeploymentPostprocessing = 1;
		};
		57FFCAE027E8858900B86438 /* CopyFiles */ = {
			isa = PBXCopyFilesBuildPhase;
			buildActionMask = 2147483647;
			dstPath = /usr/share/man/man1/;
			dstSubfolderSpec = 0;
			files = (
			);
			runOnlyForDeploymentPostprocessing = 1;
		};
/* End PBXCopyFilesBuildPhase section */

/* Begin PBXFileReference section */
		572DD46E27E9AB9B00974272 /* pubsub.h */ = {isa = PBXFileReference; lastKnownFileType = sourcecode.c.h; path = pubsub.h; sourceTree = "<group>"; };
		572DD46F27E9AB9B00974272 /* pubsub.c */ = {isa = PBXFileReference; lastKnownFileType = sourcecode.c.c; path = pubsub.c; sourceTree = "<group>"; };
		572DD47127E9B29700974272 /* pubsubtest.c */ = {isa = PBXFileReference; lastKnownFileType = sourcecode.c.c; path = pubsubtest.c; sourceTree = "<group>"; };
		572DD48227EA746D00974272 /* logger.c */ = {isa = PBXFileReference; fileEncoding = 4; lastKnownFileType = sourcecode.c.c; name = logger.c; path = "mpp-compiler/lib/logger.c"; sourceTree = SOURCE_ROOT; };
		572DD48327EA746D00974272 /* logger.h */ = {isa = PBXFileReference; fileEncoding = 4; lastKnownFileType = sourcecode.c.h; name = logger.h; path = "mpp-compiler/lib/logger.h"; sourceTree = SOURCE_ROOT; };
		57DA08D127E6618A00DA2BB1 /* mpp-compiler */ = {isa = PBXFileReference; explicitFileType = "compiled.mach-o.executable"; includeInIndex = 0; path = "mpp-compiler"; sourceTree = BUILT_PRODUCTS_DIR; };
		57DA08D427E6618A00DA2BB1 /* main.c */ = {isa = PBXFileReference; lastKnownFileType = sourcecode.c.c; path = main.c; sourceTree = "<group>"; };
		57DA08DC27E6622C00DA2BB1 /* lexer.h */ = {isa = PBXFileReference; lastKnownFileType = sourcecode.c.h; path = lexer.h; sourceTree = "<group>"; };
		57DA08DD27E6622C00DA2BB1 /* lexer.c */ = {isa = PBXFileReference; lastKnownFileType = sourcecode.c.c; path = lexer.c; sourceTree = "<group>"; };
		57DA08DF27E6671700DA2BB1 /* file.h */ = {isa = PBXFileReference; lastKnownFileType = sourcecode.c.h; path = file.h; sourceTree = "<group>"; };
		57DA08E027E6671700DA2BB1 /* file.c */ = {isa = PBXFileReference; lastKnownFileType = sourcecode.c.c; path = file.c; sourceTree = "<group>"; };
		57DA08E227E6687600DA2BB1 /* error.h */ = {isa = PBXFileReference; lastKnownFileType = sourcecode.c.h; path = error.h; sourceTree = "<group>"; };
		57DA08E327E6687600DA2BB1 /* error.c */ = {isa = PBXFileReference; lastKnownFileType = sourcecode.c.c; path = error.c; sourceTree = "<group>"; };
		57DA08E527E66D1400DA2BB1 /* program.txt */ = {isa = PBXFileReference; lastKnownFileType = text; path = program.txt; sourceTree = "<group>"; };
		57DA08E727E67C9D00DA2BB1 /* arithmetic.h */ = {isa = PBXFileReference; lastKnownFileType = sourcecode.c.h; path = arithmetic.h; sourceTree = "<group>"; };
		57DA08E827E67C9D00DA2BB1 /* arithmetic.c */ = {isa = PBXFileReference; lastKnownFileType = sourcecode.c.c; path = arithmetic.c; sourceTree = "<group>"; };
		57DA08EA27E728E600DA2BB1 /* logger.h */ = {isa = PBXFileReference; lastKnownFileType = sourcecode.c.h; path = logger.h; sourceTree = "<group>"; };
		57DA08EB27E728E600DA2BB1 /* logger.c */ = {isa = PBXFileReference; lastKnownFileType = sourcecode.c.c; path = logger.c; sourceTree = "<group>"; };
		57DA08ED27E72B4800DA2BB1 /* motd.h */ = {isa = PBXFileReference; lastKnownFileType = sourcecode.c.h; path = motd.h; sourceTree = "<group>"; };
		57DA08EE27E72B4800DA2BB1 /* motd.c */ = {isa = PBXFileReference; lastKnownFileType = sourcecode.c.c; path = motd.c; sourceTree = "<group>"; };
		57DA08F127E7948600DA2BB1 /* parser.h */ = {isa = PBXFileReference; lastKnownFileType = sourcecode.c.h; path = parser.h; sourceTree = "<group>"; };
		57DA08F227E7948600DA2BB1 /* parser.c */ = {isa = PBXFileReference; lastKnownFileType = sourcecode.c.c; path = parser.c; sourceTree = "<group>"; };
		57DA08F427E79F6D00DA2BB1 /* arithmetic.h */ = {isa = PBXFileReference; lastKnownFileType = sourcecode.c.h; path = arithmetic.h; sourceTree = "<group>"; };
		57DA08F527E79F6D00DA2BB1 /* arithmetic.c */ = {isa = PBXFileReference; lastKnownFileType = sourcecode.c.c; path = arithmetic.c; sourceTree = "<group>"; };
		57FFCAE227E8858900B86438 /* mpp-cpu */ = {isa = PBXFileReference; explicitFileType = "compiled.mach-o.executable"; includeInIndex = 0; path = "mpp-cpu"; sourceTree = BUILT_PRODUCTS_DIR; };
		57FFCAE427E8858900B86438 /* main.c */ = {isa = PBXFileReference; lastKnownFileType = sourcecode.c.c; path = main.c; sourceTree = "<group>"; };
		57FFCAEB27E8861700B86438 /* mem.h */ = {isa = PBXFileReference; lastKnownFileType = sourcecode.c.h; path = mem.h; sourceTree = "<group>"; };
		57FFCAEC27E8861700B86438 /* mem.c */ = {isa = PBXFileReference; lastKnownFileType = sourcecode.c.c; path = mem.c; sourceTree = "<group>"; };
		57FFCAEE27E8862700B86438 /* constants.h */ = {isa = PBXFileReference; lastKnownFileType = sourcecode.c.h; path = constants.h; sourceTree = "<group>"; };
		57FFCAEF27E886AE00B86438 /* components.h */ = {isa = PBXFileReference; lastKnownFileType = sourcecode.c.h; path = components.h; sourceTree = "<group>"; };
		57FFCAF027E886AE00B86438 /* components.c */ = {isa = PBXFileReference; lastKnownFileType = sourcecode.c.c; path = components.c; sourceTree = "<group>"; };
		57FFCAF227E88E7900B86438 /* utils.h */ = {isa = PBXFileReference; lastKnownFileType = sourcecode.c.h; path = utils.h; sourceTree = "<group>"; };
		57FFCAF327E88E7900B86438 /* utils.c */ = {isa = PBXFileReference; lastKnownFileType = sourcecode.c.c; path = utils.c; sourceTree = "<group>"; };
		57FFCAF527E89F0D00B86438 /* error.c */ = {isa = PBXFileReference; fileEncoding = 4; lastKnownFileType = sourcecode.c.c; path = error.c; sourceTree = "<group>"; };
		57FFCAF627E89F0D00B86438 /* error.h */ = {isa = PBXFileReference; fileEncoding = 4; lastKnownFileType = sourcecode.c.h; path = error.h; sourceTree = "<group>"; };
/* End PBXFileReference section */

/* Begin PBXFrameworksBuildPhase section */
		57DA08CE27E6618A00DA2BB1 /* Frameworks */ = {
			isa = PBXFrameworksBuildPhase;
			buildActionMask = 2147483647;
			files = (
			);
			runOnlyForDeploymentPostprocessing = 0;
		};
		57FFCADF27E8858900B86438 /* Frameworks */ = {
			isa = PBXFrameworksBuildPhase;
			buildActionMask = 2147483647;
			files = (
			);
			runOnlyForDeploymentPostprocessing = 0;
		};
/* End PBXFrameworksBuildPhase section */

/* Begin PBXGroup section */
		57DA08C827E6618A00DA2BB1 = {
			isa = PBXGroup;
			children = (
				57DA08D327E6618A00DA2BB1 /* mpp-compiler */,
				57FFCAE327E8858900B86438 /* mpp-cpu */,
				57DA08D227E6618A00DA2BB1 /* Products */,
			);
			sourceTree = "<group>";
		};
		57DA08D227E6618A00DA2BB1 /* Products */ = {
			isa = PBXGroup;
			children = (
				57DA08D127E6618A00DA2BB1 /* mpp-compiler */,
				57FFCAE227E8858900B86438 /* mpp-cpu */,
			);
			name = Products;
			sourceTree = "<group>";
		};
		57DA08D327E6618A00DA2BB1 /* mpp-compiler */ = {
			isa = PBXGroup;
			children = (
				57DA08DB27E661B500DA2BB1 /* lib */,
				57DA08D427E6618A00DA2BB1 /* main.c */,
				57DA08E527E66D1400DA2BB1 /* program.txt */,
			);
			path = "mpp-compiler";
			sourceTree = "<group>";
		};
		57DA08DB27E661B500DA2BB1 /* lib */ = {
			isa = PBXGroup;
			children = (
				57DA08F027E7947600DA2BB1 /* parser */,
				57DA08E627E67BE300DA2BB1 /* lexer */,
				57DA08DF27E6671700DA2BB1 /* file.h */,
				57DA08E027E6671700DA2BB1 /* file.c */,
				57DA08E227E6687600DA2BB1 /* error.h */,
				57DA08E327E6687600DA2BB1 /* error.c */,
				57DA08ED27E72B4800DA2BB1 /* motd.h */,
				57DA08EE27E72B4800DA2BB1 /* motd.c */,
				57DA08EA27E728E600DA2BB1 /* logger.h */,
				57DA08EB27E728E600DA2BB1 /* logger.c */,
			);
			path = lib;
			sourceTree = "<group>";
		};
		57DA08E627E67BE300DA2BB1 /* lexer */ = {
			isa = PBXGroup;
			children = (
				57DA08DC27E6622C00DA2BB1 /* lexer.h */,
				57DA08DD27E6622C00DA2BB1 /* lexer.c */,
				57DA08E727E67C9D00DA2BB1 /* arithmetic.h */,
				57DA08E827E67C9D00DA2BB1 /* arithmetic.c */,
			);
			path = lexer;
			sourceTree = "<group>";
		};
		57DA08F027E7947600DA2BB1 /* parser */ = {
			isa = PBXGroup;
			children = (
				57DA08F127E7948600DA2BB1 /* parser.h */,
				57DA08F227E7948600DA2BB1 /* parser.c */,
				57DA08F427E79F6D00DA2BB1 /* arithmetic.h */,
				57DA08F527E79F6D00DA2BB1 /* arithmetic.c */,
			);
			path = parser;
			sourceTree = "<group>";
		};
		57FFCAE327E8858900B86438 /* mpp-cpu */ = {
			isa = PBXGroup;
			children = (
				57FFCAE927E8859F00B86438 /* lib */,
				57FFCAE427E8858900B86438 /* main.c */,
			);
			path = "mpp-cpu";
			sourceTree = "<group>";
		};
		57FFCAE927E8859F00B86438 /* lib */ = {
			isa = PBXGroup;
			children = (
				57FFCAEA27E885FC00B86438 /* components */,
				57FFCAEE27E8862700B86438 /* constants.h */,
				57FFCAF227E88E7900B86438 /* utils.h */,
				57FFCAF327E88E7900B86438 /* utils.c */,
				57FFCAF527E89F0D00B86438 /* error.c */,
				57FFCAF627E89F0D00B86438 /* error.h */,
				572DD46E27E9AB9B00974272 /* pubsub.h */,
				572DD47127E9B29700974272 /* pubsubtest.c */,
				572DD46F27E9AB9B00974272 /* pubsub.c */,
				572DD48227EA746D00974272 /* logger.c */,
				572DD48327EA746D00974272 /* logger.h */,
			);
			path = lib;
			sourceTree = "<group>";
		};
		57FFCAEA27E885FC00B86438 /* components */ = {
			isa = PBXGroup;
			children = (
				57FFCAEB27E8861700B86438 /* mem.h */,
				57FFCAEC27E8861700B86438 /* mem.c */,
				57FFCAEF27E886AE00B86438 /* components.h */,
				57FFCAF027E886AE00B86438 /* components.c */,
			);
			path = components;
			sourceTree = "<group>";
		};
/* End PBXGroup section */

/* Begin PBXNativeTarget section */
		57DA08D027E6618A00DA2BB1 /* mpp-compiler */ = {
			isa = PBXNativeTarget;
			buildConfigurationList = 57DA08D827E6618A00DA2BB1 /* Build configuration list for PBXNativeTarget "mpp-compiler" */;
			buildPhases = (
				57DA08CD27E6618A00DA2BB1 /* Sources */,
				57DA08CE27E6618A00DA2BB1 /* Frameworks */,
				57DA08CF27E6618A00DA2BB1 /* CopyFiles */,
			);
			buildRules = (
			);
			dependencies = (
			);
			name = "mpp-compiler";
			productName = mpp;
			productReference = 57DA08D127E6618A00DA2BB1 /* mpp-compiler */;
			productType = "com.apple.product-type.tool";
		};
		57FFCAE127E8858900B86438 /* mpp-cpu */ = {
			isa = PBXNativeTarget;
			buildConfigurationList = 57FFCAE627E8858900B86438 /* Build configuration list for PBXNativeTarget "mpp-cpu" */;
			buildPhases = (
				57FFCADE27E8858900B86438 /* Sources */,
				57FFCADF27E8858900B86438 /* Frameworks */,
				57FFCAE027E8858900B86438 /* CopyFiles */,
			);
			buildRules = (
			);
			dependencies = (
			);
			name = "mpp-cpu";
			productName = "mpp-cpu";
			productReference = 57FFCAE227E8858900B86438 /* mpp-cpu */;
			productType = "com.apple.product-type.tool";
		};
/* End PBXNativeTarget section */

/* Begin PBXProject section */
		57DA08C927E6618A00DA2BB1 /* Project object */ = {
			isa = PBXProject;
			attributes = {
				BuildIndependentTargetsInParallel = 1;
				LastUpgradeCheck = 1310;
				TargetAttributes = {
					57DA08D027E6618A00DA2BB1 = {
						CreatedOnToolsVersion = 13.1;
					};
					57FFCAE127E8858900B86438 = {
						CreatedOnToolsVersion = 13.1;
					};
				};
			};
			buildConfigurationList = 57DA08CC27E6618A00DA2BB1 /* Build configuration list for PBXProject "mpp" */;
			compatibilityVersion = "Xcode 13.0";
			developmentRegion = en;
			hasScannedForEncodings = 0;
			knownRegions = (
				en,
				Base,
			);
			mainGroup = 57DA08C827E6618A00DA2BB1;
			productRefGroup = 57DA08D227E6618A00DA2BB1 /* Products */;
			projectDirPath = "";
			projectRoot = "";
			targets = (
				57DA08D027E6618A00DA2BB1 /* mpp-compiler */,
				57FFCAE127E8858900B86438 /* mpp-cpu */,
			);
		};
/* End PBXProject section */

/* Begin PBXSourcesBuildPhase section */
		57DA08CD27E6618A00DA2BB1 /* Sources */ = {
			isa = PBXSourcesBuildPhase;
			buildActionMask = 2147483647;
			files = (
				57DA08E927E67C9D00DA2BB1 /* arithmetic.c in Sources */,
				57DA08EC27E728E600DA2BB1 /* logger.c in Sources */,
				57DA08EF27E72B4800DA2BB1 /* motd.c in Sources */,
				57DA08DE27E6622C00DA2BB1 /* lexer.c in Sources */,
				57DA08D527E6618A00DA2BB1 /* main.c in Sources */,
				57DA08E427E6687600DA2BB1 /* error.c in Sources */,
				57DA08F327E7948600DA2BB1 /* parser.c in Sources */,
				57DA08F627E79F6D00DA2BB1 /* arithmetic.c in Sources */,
				57DA08E127E6671700DA2BB1 /* file.c in Sources */,
			);
			runOnlyForDeploymentPostprocessing = 0;
		};
		57FFCADE27E8858900B86438 /* Sources */ = {
			isa = PBXSourcesBuildPhase;
			buildActionMask = 2147483647;
			files = (
				572DD47027E9AB9C00974272 /* pubsub.c in Sources */,
				572DD48427EA746D00974272 /* logger.c in Sources */,
				57FFCAF127E886AE00B86438 /* components.c in Sources */,
				57FFCAF427E88E7900B86438 /* utils.c in Sources */,
				57FFCAE527E8858900B86438 /* main.c in Sources */,
				57FFCAED27E8861700B86438 /* mem.c in Sources */,
				57FFCAF727E89F0D00B86438 /* error.c in Sources */,
				572DD47227E9B29700974272 /* pubsubtest.c in Sources */,
			);
			runOnlyForDeploymentPostprocessing = 0;
		};
/* End PBXSourcesBuildPhase section */

/* Begin XCBuildConfiguration section */
		57DA08D627E6618A00DA2BB1 /* Debug */ = {
			isa = XCBuildConfiguration;
			buildSettings = {
				ALWAYS_SEARCH_USER_PATHS = NO;
				CLANG_ANALYZER_NONNULL = YES;
				CLANG_ANALYZER_NUMBER_OBJECT_CONVERSION = YES_AGGRESSIVE;
				CLANG_CXX_LANGUAGE_STANDARD = "gnu++17";
				CLANG_CXX_LIBRARY = "libc++";
				CLANG_ENABLE_MODULES = YES;
				CLANG_ENABLE_OBJC_ARC = YES;
				CLANG_ENABLE_OBJC_WEAK = YES;
				CLANG_WARN_BLOCK_CAPTURE_AUTORELEASING = YES;
				CLANG_WARN_BOOL_CONVERSION = YES;
				CLANG_WARN_COMMA = YES;
				CLANG_WARN_CONSTANT_CONVERSION = YES;
				CLANG_WARN_DEPRECATED_OBJC_IMPLEMENTATIONS = YES;
				CLANG_WARN_DIRECT_OBJC_ISA_USAGE = YES_ERROR;
				CLANG_WARN_DOCUMENTATION_COMMENTS = YES;
				CLANG_WARN_EMPTY_BODY = YES;
				CLANG_WARN_ENUM_CONVERSION = YES;
				CLANG_WARN_INFINITE_RECURSION = YES;
				CLANG_WARN_INT_CONVERSION = YES;
				CLANG_WARN_NON_LITERAL_NULL_CONVERSION = YES;
				CLANG_WARN_OBJC_IMPLICIT_RETAIN_SELF = YES;
				CLANG_WARN_OBJC_LITERAL_CONVERSION = YES;
				CLANG_WARN_OBJC_ROOT_CLASS = YES_ERROR;
				CLANG_WARN_QUOTED_INCLUDE_IN_FRAMEWORK_HEADER = YES;
				CLANG_WARN_RANGE_LOOP_ANALYSIS = YES;
				CLANG_WARN_STRICT_PROTOTYPES = YES;
				CLANG_WARN_SUSPICIOUS_MOVE = YES;
				CLANG_WARN_UNGUARDED_AVAILABILITY = YES_AGGRESSIVE;
				CLANG_WARN_UNREACHABLE_CODE = YES;
				CLANG_WARN__DUPLICATE_METHOD_MATCH = YES;
				COPY_PHASE_STRIP = NO;
				DEBUG_INFORMATION_FORMAT = dwarf;
				ENABLE_STRICT_OBJC_MSGSEND = YES;
				ENABLE_TESTABILITY = YES;
				GCC_C_LANGUAGE_STANDARD = gnu11;
				GCC_DYNAMIC_NO_PIC = NO;
				GCC_NO_COMMON_BLOCKS = YES;
				GCC_OPTIMIZATION_LEVEL = 0;
				GCC_PREPROCESSOR_DEFINITIONS = (
					"DEBUG=1",
					"$(inherited)",
				);
				GCC_WARN_64_TO_32_BIT_CONVERSION = YES;
				GCC_WARN_ABOUT_RETURN_TYPE = YES_ERROR;
				GCC_WARN_UNDECLARED_SELECTOR = YES;
				GCC_WARN_UNINITIALIZED_AUTOS = YES_AGGRESSIVE;
				GCC_WARN_UNUSED_FUNCTION = YES;
				GCC_WARN_UNUSED_VARIABLE = YES;
				MACOSX_DEPLOYMENT_TARGET = 12.0;
				MTL_ENABLE_DEBUG_INFO = INCLUDE_SOURCE;
				MTL_FAST_MATH = YES;
				ONLY_ACTIVE_ARCH = YES;
				SDKROOT = macosx;
			};
			name = Debug;
		};
		57DA08D727E6618A00DA2BB1 /* Release */ = {
			isa = XCBuildConfiguration;
			buildSettings = {
				ALWAYS_SEARCH_USER_PATHS = NO;
				CLANG_ANALYZER_NONNULL = YES;
				CLANG_ANALYZER_NUMBER_OBJECT_CONVERSION = YES_AGGRESSIVE;
				CLANG_CXX_LANGUAGE_STANDARD = "gnu++17";
				CLANG_CXX_LIBRARY = "libc++";
				CLANG_ENABLE_MODULES = YES;
				CLANG_ENABLE_OBJC_ARC = YES;
				CLANG_ENABLE_OBJC_WEAK = YES;
				CLANG_WARN_BLOCK_CAPTURE_AUTORELEASING = YES;
				CLANG_WARN_BOOL_CONVERSION = YES;
				CLANG_WARN_COMMA = YES;
				CLANG_WARN_CONSTANT_CONVERSION = YES;
				CLANG_WARN_DEPRECATED_OBJC_IMPLEMENTATIONS = YES;
				CLANG_WARN_DIRECT_OBJC_ISA_USAGE = YES_ERROR;
				CLANG_WARN_DOCUMENTATION_COMMENTS = YES;
				CLANG_WARN_EMPTY_BODY = YES;
				CLANG_WARN_ENUM_CONVERSION = YES;
				CLANG_WARN_INFINITE_RECURSION = YES;
				CLANG_WARN_INT_CONVERSION = YES;
				CLANG_WARN_NON_LITERAL_NULL_CONVERSION = YES;
				CLANG_WARN_OBJC_IMPLICIT_RETAIN_SELF = YES;
				CLANG_WARN_OBJC_LITERAL_CONVERSION = YES;
				CLANG_WARN_OBJC_ROOT_CLASS = YES_ERROR;
				CLANG_WARN_QUOTED_INCLUDE_IN_FRAMEWORK_HEADER = YES;
				CLANG_WARN_RANGE_LOOP_ANALYSIS = YES;
				CLANG_WARN_STRICT_PROTOTYPES = YES;
				CLANG_WARN_SUSPICIOUS_MOVE = YES;
				CLANG_WARN_UNGUARDED_AVAILABILITY = YES_AGGRESSIVE;
				CLANG_WARN_UNREACHABLE_CODE = YES;
				CLANG_WARN__DUPLICATE_METHOD_MATCH = YES;
				COPY_PHASE_STRIP = NO;
				DEBUG_INFORMATION_FORMAT = "dwarf-with-dsym";
				ENABLE_NS_ASSERTIONS = NO;
				ENABLE_STRICT_OBJC_MSGSEND = YES;
				GCC_C_LANGUAGE_STANDARD = gnu11;
				GCC_NO_COMMON_BLOCKS = YES;
				GCC_WARN_64_TO_32_BIT_CONVERSION = YES;
				GCC_WARN_ABOUT_RETURN_TYPE = YES_ERROR;
				GCC_WARN_UNDECLARED_SELECTOR = YES;
				GCC_WARN_UNINITIALIZED_AUTOS = YES_AGGRESSIVE;
				GCC_WARN_UNUSED_FUNCTION = YES;
				GCC_WARN_UNUSED_VARIABLE = YES;
				MACOSX_DEPLOYMENT_TARGET = 12.0;
				MTL_ENABLE_DEBUG_INFO = NO;
				MTL_FAST_MATH = YES;
				SDKROOT = macosx;
			};
			name = Release;
		};
		57DA08D927E6618A00DA2BB1 /* Debug */ = {
			isa = XCBuildConfiguration;
			buildSettings = {
				CODE_SIGN_STYLE = Automatic;
				DEVELOPMENT_TEAM = MKCUYH3782;
				ENABLE_HARDENED_RUNTIME = YES;
				PRODUCT_NAME = "$(TARGET_NAME)";
			};
			name = Debug;
		};
		57DA08DA27E6618A00DA2BB1 /* Release */ = {
			isa = XCBuildConfiguration;
			buildSettings = {
				CODE_SIGN_STYLE = Automatic;
				DEVELOPMENT_TEAM = MKCUYH3782;
				ENABLE_HARDENED_RUNTIME = YES;
				PRODUCT_NAME = "$(TARGET_NAME)";
			};
			name = Release;
		};
		57FFCAE727E8858900B86438 /* Debug */ = {
			isa = XCBuildConfiguration;
			buildSettings = {
				CODE_SIGN_STYLE = Automatic;
				DEVELOPMENT_TEAM = MKCUYH3782;
				ENABLE_HARDENED_RUNTIME = YES;
				PRODUCT_NAME = "$(TARGET_NAME)";
			};
			name = Debug;
		};
		57FFCAE827E8858900B86438 /* Release */ = {
			isa = XCBuildConfiguration;
			buildSettings = {
				CODE_SIGN_STYLE = Automatic;
				DEVELOPMENT_TEAM = MKCUYH3782;
				ENABLE_HARDENED_RUNTIME = YES;
				PRODUCT_NAME = "$(TARGET_NAME)";
			};
			name = Release;
		};
/* End XCBuildConfiguration section */

/* Begin XCConfigurationList section */
		57DA08CC27E6618A00DA2BB1 /* Build configuration list for PBXProject "mpp" */ = {
			isa = XCConfigurationList;
			buildConfigurations = (
				57DA08D627E6618A00DA2BB1 /* Debug */,
				57DA08D727E6618A00DA2BB1 /* Release */,
			);
			defaultConfigurationIsVisible = 0;
			defaultConfigurationName = Release;
		};
		57DA08D827E6618A00DA2BB1 /* Build configuration list for PBXNativeTarget "mpp-compiler" */ = {
			isa = XCConfigurationList;
			buildConfigurations = (
				57DA08D927E6618A00DA2BB1 /* Debug */,
				57DA08DA27E6618A00DA2BB1 /* Release */,
			);
			defaultConfigurationIsVisible = 0;
			defaultConfigurationName = Release;
		};
		57FFCAE627E8858900B86438 /* Build configuration list for PBXNativeTarget "mpp-cpu" */ = {
			isa = XCConfigurationList;
			buildConfigurations = (
				57FFCAE727E8858900B86438 /* Debug */,
				57FFCAE827E8858900B86438 /* Release */,
			);
			defaultConfigurationIsVisible = 0;
			defaultConfigurationName = Release;
		};
/* End XCConfigurationList section */
	};
	rootObject = 57DA08C927E6618A00DA2BB1 /* Project object */;
}
